
Microsoft Visual Studio Solution File, Format Version 12.00
# Visual Studio 15
VisualStudioVersion = 15.0.28010.2050
MinimumVisualStudioVersion = 10.0.40219.1
Project("{2150E333-8FDC-42A3-9474-1A3956D46DE8}") = "Solution Items", "Solution Items", "{FECEE670-E35A-415A-90C5-3C28C4657979}"
	ProjectSection(SolutionItems) = preProject
		ReadMe.md = ReadMe.md
	EndProjectSection
EndProject
Project("{FAE04EC0-301F-11D3-BF4B-00C04F79EFBC}") = "UpwardFarms.Scantron", "UpwardFarms.Scantron\UpwardFarms.Scantron\UpwardFarms.Scantron.csproj", "{3AC462F2-4407-46BB-912D-8DE32B856AEB}"
EndProject
Project("{FAE04EC0-301F-11D3-BF4B-00C04F79EFBC}") = "UpwardFarms.Scantron.Android", "UpwardFarms.Scantron\UpwardFarms.Scantron.Android\UpwardFarms.Scantron.Android.csproj", "{5B5385FB-E634-486C-B3B9-3DDC9CCE8EA2}"
EndProject
Project("{FAE04EC0-301F-11D3-BF4B-00C04F79EFBC}") = "UpwardFarms.Scantron.UnitTests", "UpwardFarms.Scantron\UpwardFarms.Scantron.UnitTests\UpwardFarms.Scantron.UnitTests.csproj", "{2408CFF8-5647-411D-9E47-E4CFAE86B681}"
EndProject
Global
	GlobalSection(SolutionConfigurationPlatforms) = preSolution
		Debug|Any CPU = Debug|Any CPU
		Debug|ARM = Debug|ARM
		Debug|iPhone = Debug|iPhone
		Debug|iPhoneSimulator = Debug|iPhoneSimulator
		Debug|x64 = Debug|x64
		Debug|x86 = Debug|x86
		Release|Any CPU = Release|Any CPU
		Release|ARM = Release|ARM
		Release|iPhone = Release|iPhone
		Release|iPhoneSimulator = Release|iPhoneSimulator
		Release|x64 = Release|x64
		Release|x86 = Release|x86
		UnitTesting|Any CPU = UnitTesting|Any CPU
	EndGlobalSection
	GlobalSection(ProjectConfigurationPlatforms) = postSolution
		{3AC462F2-4407-46BB-912D-8DE32B856AEB}.Debug|Any CPU.ActiveCfg = Debug|Any CPU
		{3AC462F2-4407-46BB-912D-8DE32B856AEB}.Debug|Any CPU.Build.0 = Debug|Any CPU
		{3AC462F2-4407-46BB-912D-8DE32B856AEB}.Debug|ARM.ActiveCfg = Debug|Any CPU
		{3AC462F2-4407-46BB-912D-8DE32B856AEB}.Debug|ARM.Build.0 = Debug|Any CPU
		{3AC462F2-4407-46BB-912D-8DE32B856AEB}.Debug|iPhone.ActiveCfg = Debug|Any CPU
		{3AC462F2-4407-46BB-912D-8DE32B856AEB}.Debug|iPhone.Build.0 = Debug|Any CPU
		{3AC462F2-4407-46BB-912D-8DE32B856AEB}.Debug|iPhoneSimulator.ActiveCfg = Debug|Any CPU
		{3AC462F2-4407-46BB-912D-8DE32B856AEB}.Debug|iPhoneSimulator.Build.0 = Debug|Any CPU
		{3AC462F2-4407-46BB-912D-8DE32B856AEB}.Debug|x64.ActiveCfg = Debug|Any CPU
		{3AC462F2-4407-46BB-912D-8DE32B856AEB}.Debug|x64.Build.0 = Debug|Any CPU
		{3AC462F2-4407-46BB-912D-8DE32B856AEB}.Debug|x86.ActiveCfg = Debug|Any CPU
		{3AC462F2-4407-46BB-912D-8DE32B856AEB}.Debug|x86.Build.0 = Debug|Any CPU
		{3AC462F2-4407-46BB-912D-8DE32B856AEB}.Release|Any CPU.ActiveCfg = Release|Any CPU
		{3AC462F2-4407-46BB-912D-8DE32B856AEB}.Release|Any CPU.Build.0 = Release|Any CPU
		{3AC462F2-4407-46BB-912D-8DE32B856AEB}.Release|ARM.ActiveCfg = Release|Any CPU
		{3AC462F2-4407-46BB-912D-8DE32B856AEB}.Release|ARM.Build.0 = Release|Any CPU
		{3AC462F2-4407-46BB-912D-8DE32B856AEB}.Release|iPhone.ActiveCfg = Release|Any CPU
		{3AC462F2-4407-46BB-912D-8DE32B856AEB}.Release|iPhone.Build.0 = Release|Any CPU
		{3AC462F2-4407-46BB-912D-8DE32B856AEB}.Release|iPhoneSimulator.ActiveCfg = Release|Any CPU
		{3AC462F2-4407-46BB-912D-8DE32B856AEB}.Release|iPhoneSimulator.Build.0 = Release|Any CPU
		{3AC462F2-4407-46BB-912D-8DE32B856AEB}.Release|x64.ActiveCfg = Release|Any CPU
		{3AC462F2-4407-46BB-912D-8DE32B856AEB}.Release|x64.Build.0 = Release|Any CPU
		{3AC462F2-4407-46BB-912D-8DE32B856AEB}.Release|x86.ActiveCfg = Release|Any CPU
		{3AC462F2-4407-46BB-912D-8DE32B856AEB}.Release|x86.Build.0 = Release|Any CPU
		{3AC462F2-4407-46BB-912D-8DE32B856AEB}.UnitTesting|Any CPU.ActiveCfg = Release|Any CPU
		{3AC462F2-4407-46BB-912D-8DE32B856AEB}.UnitTesting|Any CPU.Build.0 = Release|Any CPU
		{5B5385FB-E634-486C-B3B9-3DDC9CCE8EA2}.Debug|Any CPU.ActiveCfg = Debug|Any CPU
		{5B5385FB-E634-486C-B3B9-3DDC9CCE8EA2}.Debug|Any CPU.Build.0 = Debug|Any CPU
		{5B5385FB-E634-486C-B3B9-3DDC9CCE8EA2}.Release|Any CPU.ActiveCfg = Release|Any CPU
		{5B5385FB-E634-486C-B3B9-3DDC9CCE8EA2}.Release|Any CPU.Build.0 = Release|Any CPU
		{5B5385FB-E634-486C-B3B9-3DDC9CCE8EA2}.UnitTesting|Any CPU.ActiveCfg = Release|Any CPU
		{2408CFF8-5647-411D-9E47-E4CFAE86B681}.Debug|Any CPU.ActiveCfg = Debug|Any CPU
		{2408CFF8-5647-411D-9E47-E4CFAE86B681}.Debug|ARM.ActiveCfg = Debug|Any CPU
		{2408CFF8-5647-411D-9E47-E4CFAE86B681}.Debug|ARM.Build.0 = Debug|Any CPU
		{2408CFF8-5647-411D-9E47-E4CFAE86B681}.Debug|iPhone.ActiveCfg = Debug|Any CPU
		{2408CFF8-5647-411D-9E47-E4CFAE86B681}.Debug|iPhone.Build.0 = Debug|Any CPU
		{2408CFF8-5647-411D-9E47-E4CFAE86B681}.Debug|iPhoneSimulator.ActiveCfg = Debug|Any CPU
		{2408CFF8-5647-411D-9E47-E4CFAE86B681}.Debug|iPhoneSimulator.Build.0 = Debug|Any CPU
		{2408CFF8-5647-411D-9E47-E4CFAE86B681}.Debug|x64.ActiveCfg = Debug|Any CPU
		{2408CFF8-5647-411D-9E47-E4CFAE86B681}.Debug|x64.Build.0 = Debug|Any CPU
		{2408CFF8-5647-411D-9E47-E4CFAE86B681}.Debug|x86.ActiveCfg = Debug|Any CPU
		{2408CFF8-5647-411D-9E47-E4CFAE86B681}.Debug|x86.Build.0 = Debug|Any CPU
		{2408CFF8-5647-411D-9E47-E4CFAE86B681}.Release|Any CPU.ActiveCfg = Release|Any CPU
		{2408CFF8-5647-411D-9E47-E4CFAE86B681}.Release|ARM.ActiveCfg = Release|Any CPU
		{2408CFF8-5647-411D-9E47-E4CFAE86B681}.Release|ARM.Build.0 = Release|Any CPU
		{2408CFF8-5647-411D-9E47-E4CFAE86B681}.Release|iPhone.ActiveCfg = Release|Any CPU
		{2408CFF8-5647-411D-9E47-E4CFAE86B681}.Release|iPhone.Build.0 = Release|Any CPU
		{2408CFF8-5647-411D-9E47-E4CFAE86B681}.Release|iPhoneSimulator.ActiveCfg = Release|Any CPU
		{2408CFF8-5647-411D-9E47-E4CFAE86B681}.Release|iPhoneSimulator.Build.0 = Release|Any CPU
		{2408CFF8-5647-411D-9E47-E4CFAE86B681}.Release|x64.ActiveCfg = Release|Any CPU
		{2408CFF8-5647-411D-9E47-E4CFAE86B681}.Release|x64.Build.0 = Release|Any CPU
		{2408CFF8-5647-411D-9E47-E4CFAE86B681}.Release|x86.ActiveCfg = Release|Any CPU
		{2408CFF8-5647-411D-9E47-E4CFAE86B681}.Release|x86.Build.0 = Release|Any CPU
		{2408CFF8-5647-411D-9E47-E4CFAE86B681}.UnitTesting|Any CPU.ActiveCfg = Release|Any CPU
		{2408CFF8-5647-411D-9E47-E4CFAE86B681}.UnitTesting|Any CPU.Build.0 = Release|Any CPU
	EndGlobalSection
	GlobalSection(SolutionProperties) = preSolution
		HideSolutionNode = FALSE
	EndGlobalSection
	GlobalSection(ExtensibilityGlobals) = postSolution
		SolutionGuid = {97F7AD3B-38CB-495A-8067-C843E7D0FB02}
	EndGlobalSection
	GlobalSection(MonoDevelopProperties) = preSolution
		Policies = $0
		$0.StandardHeader = $1
		$0.DotNetNamingPolicy = $2
		$2.DirectoryNamespaceAssociation = PrefixedHierarchical
		version = 1.0
		description = Upward Farms: Scantron 2020: Raft Scan Tool
	EndGlobalSection
EndGlobal
